// !$*UTF8*$!
{
	archiveVersion = 1;
	classes = {
	};
	objectVersion = 48;
	objects = {

/* Begin PBXBuildFile section */
		8BC825A537F2FFE463266A39 /* Pods_Runner.framework in Frameworks */ = {isa = PBXBuildFile; fileRef = 99CCCE3631449E68D233EE66 /* Pods_Runner.framework */; };
		FC24ED561FF5EED600E950DC /* AppDelegate.swift in Sources */ = {isa = PBXBuildFile; fileRef = FC24ED551FF5EED600E950DC /* AppDelegate.swift */; };
		FC24ED5E1FF5EED600E950DC /* Runner.xcdatamodeld in Sources */ = {isa = PBXBuildFile; fileRef = FC24ED5C1FF5EED600E950DC /* Runner.xcdatamodeld */; };
		FC24ED601FF5EED600E950DC /* Assets.xcassets in Resources */ = {isa = PBXBuildFile; fileRef = FC24ED5F1FF5EED600E950DC /* Assets.xcassets */; };
		FC24ED631FF5EED600E950DC /* LaunchScreen.storyboard in Resources */ = {isa = PBXBuildFile; fileRef = FC24ED611FF5EED600E950DC /* LaunchScreen.storyboard */; };
		FC24ED9D1FF606B500E950DC /* HomeViewController.swift in Sources */ = {isa = PBXBuildFile; fileRef = FC24ED9B1FF606B500E950DC /* HomeViewController.swift */; };
		FC24ED9E1FF606B500E950DC /* HomeViewController.xib in Resources */ = {isa = PBXBuildFile; fileRef = FC24ED9C1FF606B500E950DC /* HomeViewController.xib */; };
		FCD163DA200F25CE002F0ADC /* MyViewController.swift in Sources */ = {isa = PBXBuildFile; fileRef = FCD163D8200F25CE002F0ADC /* MyViewController.swift */; };
		FCD163DB200F25CE002F0ADC /* MyViewController.xib in Resources */ = {isa = PBXBuildFile; fileRef = FCD163D9200F25CE002F0ADC /* MyViewController.xib */; };
		FCD163DF200F2607002F0ADC /* MyTableViewCell.swift in Sources */ = {isa = PBXBuildFile; fileRef = FCD163DD200F2607002F0ADC /* MyTableViewCell.swift */; };
		FCD163E0200F2607002F0ADC /* MyTableViewCell.xib in Resources */ = {isa = PBXBuildFile; fileRef = FCD163DE200F2607002F0ADC /* MyTableViewCell.xib */; };
		FCD163ED200F28F7002F0ADC /* CWInteractiveTransition.m in Sources */ = {isa = PBXBuildFile; fileRef = FCD163E3200F28F7002F0ADC /* CWInteractiveTransition.m */; };
		FCD163EE200F28F7002F0ADC /* UIViewController+CWLateralSlide.m in Sources */ = {isa = PBXBuildFile; fileRef = FCD163E6200F28F7002F0ADC /* UIViewController+CWLateralSlide.m */; };
		FCD163EF200F28F7002F0ADC /* CWLateralSlideAnimator.m in Sources */ = {isa = PBXBuildFile; fileRef = FCD163E9200F28F7002F0ADC /* CWLateralSlideAnimator.m */; };
		FCD163F0200F28F7002F0ADC /* CWDrawerTransition.m in Sources */ = {isa = PBXBuildFile; fileRef = FCD163EA200F28F7002F0ADC /* CWDrawerTransition.m */; };
		FCD163F1200F28F7002F0ADC /* CWLateralSlideConfiguration.m in Sources */ = {isa = PBXBuildFile; fileRef = FCD163EC200F28F7002F0ADC /* CWLateralSlideConfiguration.m */; };
/* End PBXBuildFile section */

/* Begin PBXFileReference section */
		21DEAE9C4F1A95C8FAAA4C5C /* Pods-Runner.debug.xcconfig */ = {isa = PBXFileReference; includeInIndex = 1; lastKnownFileType = text.xcconfig; name = "Pods-Runner.debug.xcconfig"; path = "Pods/Target Support Files/Pods-Runner/Pods-Runner.debug.xcconfig"; sourceTree = "<group>"; };
		99CCCE3631449E68D233EE66 /* Pods_Runner.framework */ = {isa = PBXFileReference; explicitFileType = wrapper.framework; includeInIndex = 0; path = Pods_Runner.framework; sourceTree = BUILT_PRODUCTS_DIR; };
		C53FD46A029AB5C998C24679 /* Pods-Runner.release.xcconfig */ = {isa = PBXFileReference; includeInIndex = 1; lastKnownFileType = text.xcconfig; name = "Pods-Runner.release.xcconfig"; path = "Pods/Target Support Files/Pods-Runner/Pods-Runner.release.xcconfig"; sourceTree = "<group>"; };
		FC24ED521FF5EED500E950DC /* Runner.app */ = {isa = PBXFileReference; explicitFileType = wrapper.application; includeInIndex = 0; path = Runner.app; sourceTree = BUILT_PRODUCTS_DIR; };
		FC24ED551FF5EED600E950DC /* AppDelegate.swift */ = {isa = PBXFileReference; lastKnownFileType = sourcecode.swift; path = AppDelegate.swift; sourceTree = "<group>"; };
		FC24ED5D1FF5EED600E950DC /* Runner.xcdatamodel */ = {isa = PBXFileReference; lastKnownFileType = wrapper.xcdatamodel; path = Runner.xcdatamodel; sourceTree = "<group>"; };
		FC24ED5F1FF5EED600E950DC /* Assets.xcassets */ = {isa = PBXFileReference; lastKnownFileType = folder.assetcatalog; path = Assets.xcassets; sourceTree = "<group>"; };
		FC24ED621FF5EED600E950DC /* Base */ = {isa = PBXFileReference; lastKnownFileType = file.storyboard; name = Base; path = Base.lproj/LaunchScreen.storyboard; sourceTree = "<group>"; };
		FC24ED641FF5EED600E950DC /* Info.plist */ = {isa = PBXFileReference; lastKnownFileType = text.plist.xml; path = Info.plist; sourceTree = "<group>"; };
		FC24ED981FF6057900E950DC /* Runner-Bridging-Header.h */ = {isa = PBXFileReference; lastKnownFileType = sourcecode.c.h; path = "Runner-Bridging-Header.h"; sourceTree = "<group>"; };
		FC24ED9B1FF606B500E950DC /* HomeViewController.swift */ = {isa = PBXFileReference; lastKnownFileType = sourcecode.swift; path = HomeViewController.swift; sourceTree = "<group>"; };
		FC24ED9C1FF606B500E950DC /* HomeViewController.xib */ = {isa = PBXFileReference; lastKnownFileType = file.xib; path = HomeViewController.xib; sourceTree = "<group>"; };
		FCD163D8200F25CE002F0ADC /* MyViewController.swift */ = {isa = PBXFileReference; lastKnownFileType = sourcecode.swift; path = MyViewController.swift; sourceTree = "<group>"; };
		FCD163D9200F25CE002F0ADC /* MyViewController.xib */ = {isa = PBXFileReference; lastKnownFileType = file.xib; path = MyViewController.xib; sourceTree = "<group>"; };
		FCD163DD200F2607002F0ADC /* MyTableViewCell.swift */ = {isa = PBXFileReference; lastKnownFileType = sourcecode.swift; path = MyTableViewCell.swift; sourceTree = "<group>"; };
		FCD163DE200F2607002F0ADC /* MyTableViewCell.xib */ = {isa = PBXFileReference; lastKnownFileType = file.xib; path = MyTableViewCell.xib; sourceTree = "<group>"; };
		FCD163E3200F28F7002F0ADC /* CWInteractiveTransition.m */ = {isa = PBXFileReference; fileEncoding = 4; lastKnownFileType = sourcecode.c.objc; path = CWInteractiveTransition.m; sourceTree = "<group>"; };
		FCD163E4200F28F7002F0ADC /* CWDrawerTransition.h */ = {isa = PBXFileReference; fileEncoding = 4; lastKnownFileType = sourcecode.c.h; path = CWDrawerTransition.h; sourceTree = "<group>"; };
		FCD163E5200F28F7002F0ADC /* CWLateralSlideAnimator.h */ = {isa = PBXFileReference; fileEncoding = 4; lastKnownFileType = sourcecode.c.h; path = CWLateralSlideAnimator.h; sourceTree = "<group>"; };
		FCD163E6200F28F7002F0ADC /* UIViewController+CWLateralSlide.m */ = {isa = PBXFileReference; fileEncoding = 4; lastKnownFileType = sourcecode.c.objc; path = "UIViewController+CWLateralSlide.m"; sourceTree = "<group>"; };
		FCD163E7200F28F7002F0ADC /* CWLateralSlideConfiguration.h */ = {isa = PBXFileReference; fileEncoding = 4; lastKnownFileType = sourcecode.c.h; path = CWLateralSlideConfiguration.h; sourceTree = "<group>"; };
		FCD163E8200F28F7002F0ADC /* CWInteractiveTransition.h */ = {isa = PBXFileReference; fileEncoding = 4; lastKnownFileType = sourcecode.c.h; path = CWInteractiveTransition.h; sourceTree = "<group>"; };
		FCD163E9200F28F7002F0ADC /* CWLateralSlideAnimator.m */ = {isa = PBXFileReference; fileEncoding = 4; lastKnownFileType = sourcecode.c.objc; path = CWLateralSlideAnimator.m; sourceTree = "<group>"; };
		FCD163EA200F28F7002F0ADC /* CWDrawerTransition.m */ = {isa = PBXFileReference; fileEncoding = 4; lastKnownFileType = sourcecode.c.objc; path = CWDrawerTransition.m; sourceTree = "<group>"; };
		FCD163EB200F28F7002F0ADC /* UIViewController+CWLateralSlide.h */ = {isa = PBXFileReference; fileEncoding = 4; lastKnownFileType = sourcecode.c.h; path = "UIViewController+CWLateralSlide.h"; sourceTree = "<group>"; };
		FCD163EC200F28F7002F0ADC /* CWLateralSlideConfiguration.m */ = {isa = PBXFileReference; fileEncoding = 4; lastKnownFileType = sourcecode.c.objc; path = CWLateralSlideConfiguration.m; sourceTree = "<group>"; };
/* End PBXFileReference section */

/* Begin PBXFrameworksBuildPhase section */
		FC24ED4F1FF5EED500E950DC /* Frameworks */ = {
			isa = PBXFrameworksBuildPhase;
			buildActionMask = 2147483647;
			files = (
				8BC825A537F2FFE463266A39 /* Pods_Runner.framework in Frameworks */,
			);
			runOnlyForDeploymentPostprocessing = 0;
		};
/* End PBXFrameworksBuildPhase section */

/* Begin PBXGroup section */
		6B4CD42AA0B8B13A6279FD24 /* Frameworks */ = {
			isa = PBXGroup;
			children = (
				99CCCE3631449E68D233EE66 /* Pods_Runner.framework */,
			);
			name = Frameworks;
			sourceTree = "<group>";
		};
		F3A02F2718A95815DAB901D9 /* Pods */ = {
			isa = PBXGroup;
			children = (
				21DEAE9C4F1A95C8FAAA4C5C /* Pods-Runner.debug.xcconfig */,
				C53FD46A029AB5C998C24679 /* Pods-Runner.release.xcconfig */,
			);
			name = Pods;
			sourceTree = "<group>";
		};
		FC24ED491FF5EED500E950DC = {
			isa = PBXGroup;
			children = (
				FC24ED541FF5EED500E950DC /* Runner */,
				FCD163E1200F28F7002F0ADC /* Tool */,
				FC24ED531FF5EED500E950DC /* Products */,
				F3A02F2718A95815DAB901D9 /* Pods */,
				6B4CD42AA0B8B13A6279FD24 /* Frameworks */,
			);
			sourceTree = "<group>";
		};
		FC24ED531FF5EED500E950DC /* Products */ = {
			isa = PBXGroup;
			children = (
				FC24ED521FF5EED500E950DC /* Runner.app */,
			);
			name = Products;
			sourceTree = "<group>";
		};
		FC24ED541FF5EED500E950DC /* Runner */ = {
			isa = PBXGroup;
			children = (
				FC24ED6A1FF5EF0800E950DC /* Main */,
				FC24ED551FF5EED600E950DC /* AppDelegate.swift */,
				FC24ED981FF6057900E950DC /* Runner-Bridging-Header.h */,
				FC24ED5F1FF5EED600E950DC /* Assets.xcassets */,
				FC24ED611FF5EED600E950DC /* LaunchScreen.storyboard */,
				FC24ED641FF5EED600E950DC /* Info.plist */,
				FC24ED5C1FF5EED600E950DC /* Runner.xcdatamodeld */,
			);
			path = Runner;
			sourceTree = "<group>";
		};
		FC24ED6A1FF5EF0800E950DC /* Main */ = {
			isa = PBXGroup;
			children = (
				FC24ED971FF6056C00E950DC /* 首页 */,
				FC24ED961FF6056400E950DC /* 个人 */,
			);
			path = Main;
			sourceTree = "<group>";
		};
		FC24ED961FF6056400E950DC /* 个人 */ = {
			isa = PBXGroup;
			children = (
				FCD163DC200F25EF002F0ADC /* View */,
				FCD163D8200F25CE002F0ADC /* MyViewController.swift */,
				FCD163D9200F25CE002F0ADC /* MyViewController.xib */,
			);
			path = "个人";
			sourceTree = "<group>";
		};
		FC24ED971FF6056C00E950DC /* 首页 */ = {
			isa = PBXGroup;
			children = (
				FC24ED9B1FF606B500E950DC /* HomeViewController.swift */,
				FC24ED9C1FF606B500E950DC /* HomeViewController.xib */,
			);
			path = "首页";
			sourceTree = "<group>";
		};
		FCD163DC200F25EF002F0ADC /* View */ = {
			isa = PBXGroup;
			children = (
				FCD163DD200F2607002F0ADC /* MyTableViewCell.swift */,
				FCD163DE200F2607002F0ADC /* MyTableViewCell.xib */,
			);
			path = View;
			sourceTree = "<group>";
		};
		FCD163E1200F28F7002F0ADC /* Tool */ = {
			isa = PBXGroup;
			children = (
				FCD163E2200F28F7002F0ADC /* CWLateralSlide */,
			);
			path = Tool;
			sourceTree = "<group>";
		};
		FCD163E2200F28F7002F0ADC /* CWLateralSlide */ = {
			isa = PBXGroup;
			children = (
				FCD163E3200F28F7002F0ADC /* CWInteractiveTransition.m */,
				FCD163E4200F28F7002F0ADC /* CWDrawerTransition.h */,
				FCD163E5200F28F7002F0ADC /* CWLateralSlideAnimator.h */,
				FCD163E6200F28F7002F0ADC /* UIViewController+CWLateralSlide.m */,
				FCD163E7200F28F7002F0ADC /* CWLateralSlideConfiguration.h */,
				FCD163E8200F28F7002F0ADC /* CWInteractiveTransition.h */,
				FCD163E9200F28F7002F0ADC /* CWLateralSlideAnimator.m */,
				FCD163EA200F28F7002F0ADC /* CWDrawerTransition.m */,
				FCD163EB200F28F7002F0ADC /* UIViewController+CWLateralSlide.h */,
				FCD163EC200F28F7002F0ADC /* CWLateralSlideConfiguration.m */,
			);
			path = CWLateralSlide;
			sourceTree = "<group>";
		};
/* End PBXGroup section */

/* Begin PBXNativeTarget section */
		FC24ED511FF5EED500E950DC /* Runner */ = {
			isa = PBXNativeTarget;
			buildConfigurationList = FC24ED671FF5EED600E950DC /* Build configuration list for PBXNativeTarget "Runner" */;
			buildPhases = (
				9590D446D90FF3E7CEEF9D65 /* [CP] Check Pods Manifest.lock */,
				FC24ED4E1FF5EED500E950DC /* Sources */,
				FC24ED4F1FF5EED500E950DC /* Frameworks */,
				FC24ED501FF5EED500E950DC /* Resources */,
				81F8E415D31DC248D25EE632 /* [CP] Embed Pods Frameworks */,
				380C00EB9E6CC4017FD1442A /* [CP] Copy Pods Resources */,
			);
			buildRules = (
			);
			dependencies = (
			);
			name = Runner;
			productName = Runner;
			productReference = FC24ED521FF5EED500E950DC /* Runner.app */;
			productType = "com.apple.product-type.application";
		};
/* End PBXNativeTarget section */

/* Begin PBXProject section */
		FC24ED4A1FF5EED500E950DC /* Project object */ = {
			isa = PBXProject;
			attributes = {
				LastSwiftUpdateCheck = 0920;
				LastUpgradeCheck = 0920;
				ORGANIZATIONNAME = "☁️WillJun_Cho";
				TargetAttributes = {
					FC24ED511FF5EED500E950DC = {
						CreatedOnToolsVersion = 9.2;
						LastSwiftMigration = 0920;
						ProvisioningStyle = Automatic;
					};
				};
			};
			buildConfigurationList = FC24ED4D1FF5EED500E950DC /* Build configuration list for PBXProject "Runner" */;
			compatibilityVersion = "Xcode 8.0";
			developmentRegion = en;
			hasScannedForEncodings = 0;
			knownRegions = (
				en,
				Base,
			);
			mainGroup = FC24ED491FF5EED500E950DC;
			productRefGroup = FC24ED531FF5EED500E950DC /* Products */;
			projectDirPath = "";
			projectRoot = "";
			targets = (
				FC24ED511FF5EED500E950DC /* Runner */,
			);
		};
/* End PBXProject section */

/* Begin PBXResourcesBuildPhase section */
		FC24ED501FF5EED500E950DC /* Resources */ = {
			isa = PBXResourcesBuildPhase;
			buildActionMask = 2147483647;
			files = (
				FCD163E0200F2607002F0ADC /* MyTableViewCell.xib in Resources */,
				FC24ED631FF5EED600E950DC /* LaunchScreen.storyboard in Resources */,
				FC24ED601FF5EED600E950DC /* Assets.xcassets in Resources */,
				FCD163DB200F25CE002F0ADC /* MyViewController.xib in Resources */,
				FC24ED9E1FF606B500E950DC /* HomeViewController.xib in Resources */,
			);
			runOnlyForDeploymentPostprocessing = 0;
		};
/* End PBXResourcesBuildPhase section */

/* Begin PBXShellScriptBuildPhase section */
		380C00EB9E6CC4017FD1442A /* [CP] Copy Pods Resources */ = {
			isa = PBXShellScriptBuildPhase;
			buildActionMask = 2147483647;
			files = (
			);
			inputPaths = (
				"${SRCROOT}/Pods/Target Support Files/Pods-Runner/Pods-Runner-resources.sh",
				"${PODS_ROOT}/AMap3DMap-NO-IDFA/MAMapKit.framework/AMap.bundle",
			);
			name = "[CP] Copy Pods Resources";
			outputPaths = (
				"${TARGET_BUILD_DIR}/${UNLOCALIZED_RESOURCES_FOLDER_PATH}",
			);
			runOnlyForDeploymentPostprocessing = 0;
			shellPath = /bin/sh;
			shellScript = "\"${SRCROOT}/Pods/Target Support Files/Pods-Runner/Pods-Runner-resources.sh\"\n";
			showEnvVarsInLog = 0;
		};
		81F8E415D31DC248D25EE632 /* [CP] Embed Pods Frameworks */ = {
			isa = PBXShellScriptBuildPhase;
			buildActionMask = 2147483647;
			files = (
			);
			inputPaths = (
				"${SRCROOT}/Pods/Target Support Files/Pods-Runner/Pods-Runner-frameworks.sh",
				"${BUILT_PRODUCTS_DIR}/DZNEmptyDataSet/DZNEmptyDataSet.framework",
				"${BUILT_PRODUCTS_DIR}/EZSwiftExtensions/EZSwiftExtensions.framework",
				"${BUILT_PRODUCTS_DIR}/Kingfisher/Kingfisher.framework",
				"${BUILT_PRODUCTS_DIR}/SnapKit/SnapKit.framework",
				"${BUILT_PRODUCTS_DIR}/TZImagePickerController/TZImagePickerController.framework",
			);
			name = "[CP] Embed Pods Frameworks";
			outputPaths = (
				"${TARGET_BUILD_DIR}/${FRAMEWORKS_FOLDER_PATH}/DZNEmptyDataSet.framework",
				"${TARGET_BUILD_DIR}/${FRAMEWORKS_FOLDER_PATH}/EZSwiftExtensions.framework",
				"${TARGET_BUILD_DIR}/${FRAMEWORKS_FOLDER_PATH}/Kingfisher.framework",
				"${TARGET_BUILD_DIR}/${FRAMEWORKS_FOLDER_PATH}/SnapKit.framework",
				"${TARGET_BUILD_DIR}/${FRAMEWORKS_FOLDER_PATH}/TZImagePickerController.framework",
			);
			runOnlyForDeploymentPostprocessing = 0;
			shellPath = /bin/sh;
			shellScript = "\"${SRCROOT}/Pods/Target Support Files/Pods-Runner/Pods-Runner-frameworks.sh\"\n";
			showEnvVarsInLog = 0;
		};
		9590D446D90FF3E7CEEF9D65 /* [CP] Check Pods Manifest.lock */ = {
			isa = PBXShellScriptBuildPhase;
			buildActionMask = 2147483647;
			files = (
			);
			inputPaths = (
				"${PODS_PODFILE_DIR_PATH}/Podfile.lock",
				"${PODS_ROOT}/Manifest.lock",
			);
			name = "[CP] Check Pods Manifest.lock";
			outputPaths = (
				"$(DERIVED_FILE_DIR)/Pods-Runner-checkManifestLockResult.txt",
			);
			runOnlyForDeploymentPostprocessing = 0;
			shellPath = /bin/sh;
			shellScript = "diff \"${PODS_PODFILE_DIR_PATH}/Podfile.lock\" \"${PODS_ROOT}/Manifest.lock\" > /dev/null\nif [ $? != 0 ] ; then\n    # print error to STDERR\n    echo \"error: The sandbox is not in sync with the Podfile.lock. Run 'pod install' or update your CocoaPods installation.\" >&2\n    exit 1\nfi\n# This output is used by Xcode 'outputs' to avoid re-running this script phase.\necho \"SUCCESS\" > \"${SCRIPT_OUTPUT_FILE_0}\"\n";
			showEnvVarsInLog = 0;
		};
/* End PBXShellScriptBuildPhase section */

/* Begin PBXSourcesBuildPhase section */
		FC24ED4E1FF5EED500E950DC /* Sources */ = {
			isa = PBXSourcesBuildPhase;
			buildActionMask = 2147483647;
			files = (
				FC24ED561FF5EED600E950DC /* AppDelegate.swift in Sources */,
				FCD163ED200F28F7002F0ADC /* CWInteractiveTransition.m in Sources */,
				FCD163EE200F28F7002F0ADC /* UIViewController+CWLateralSlide.m in Sources */,
				FC24ED5E1FF5EED600E950DC /* Runner.xcdatamodeld in Sources */,
				FCD163F1200F28F7002F0ADC /* CWLateralSlideConfiguration.m in Sources */,
				FCD163DA200F25CE002F0ADC /* MyViewController.swift in Sources */,
				FCD163DF200F2607002F0ADC /* MyTableViewCell.swift in Sources */,
				FCD163EF200F28F7002F0ADC /* CWLateralSlideAnimator.m in Sources */,
				FCD163F0200F28F7002F0ADC /* CWDrawerTransition.m in Sources */,
				FC24ED9D1FF606B500E950DC /* HomeViewController.swift in Sources */,
			);
			runOnlyForDeploymentPostprocessing = 0;
		};
/* End PBXSourcesBuildPhase section */

/* Begin PBXVariantGroup section */
		FC24ED611FF5EED600E950DC /* LaunchScreen.storyboard */ = {
			isa = PBXVariantGroup;
			children = (
				FC24ED621FF5EED600E950DC /* Base */,
			);
			name = LaunchScreen.storyboard;
			sourceTree = "<group>";
		};
/* End PBXVariantGroup section */

/* Begin XCBuildConfiguration section */
		FC24ED651FF5EED600E950DC /* Debug */ = {
			isa = XCBuildConfiguration;
			buildSettings = {
				ALWAYS_SEARCH_USER_PATHS = NO;
				CLANG_ANALYZER_NONNULL = YES;
				CLANG_ANALYZER_NUMBER_OBJECT_CONVERSION = YES_AGGRESSIVE;
				CLANG_CXX_LANGUAGE_STANDARD = "gnu++14";
				CLANG_CXX_LIBRARY = "libc++";
				CLANG_ENABLE_MODULES = YES;
				CLANG_ENABLE_OBJC_ARC = YES;
				CLANG_WARN_BLOCK_CAPTURE_AUTORELEASING = YES;
				CLANG_WARN_BOOL_CONVERSION = YES;
				CLANG_WARN_COMMA = YES;
				CLANG_WARN_CONSTANT_CONVERSION = YES;
				CLANG_WARN_DIRECT_OBJC_ISA_USAGE = YES_ERROR;
				CLANG_WARN_DOCUMENTATION_COMMENTS = YES;
				CLANG_WARN_EMPTY_BODY = YES;
				CLANG_WARN_ENUM_CONVERSION = YES;
				CLANG_WARN_INFINITE_RECURSION = YES;
				CLANG_WARN_INT_CONVERSION = YES;
				CLANG_WARN_NON_LITERAL_NULL_CONVERSION = YES;
				CLANG_WARN_OBJC_LITERAL_CONVERSION = YES;
				CLANG_WARN_OBJC_ROOT_CLASS = YES_ERROR;
				CLANG_WARN_RANGE_LOOP_ANALYSIS = YES;
				CLANG_WARN_STRICT_PROTOTYPES = YES;
				CLANG_WARN_SUSPICIOUS_MOVE = YES;
				CLANG_WARN_UNGUARDED_AVAILABILITY = YES_AGGRESSIVE;
				CLANG_WARN_UNREACHABLE_CODE = YES;
				CLANG_WARN__DUPLICATE_METHOD_MATCH = YES;
				CODE_SIGN_IDENTITY = "iPhone Developer";
				COPY_PHASE_STRIP = NO;
				DEBUG_INFORMATION_FORMAT = dwarf;
				ENABLE_STRICT_OBJC_MSGSEND = YES;
				ENABLE_TESTABILITY = YES;
				GCC_C_LANGUAGE_STANDARD = gnu11;
				GCC_DYNAMIC_NO_PIC = NO;
				GCC_NO_COMMON_BLOCKS = YES;
				GCC_OPTIMIZATION_LEVEL = 0;
				GCC_PREPROCESSOR_DEFINITIONS = (
					"DEBUG=1",
					"$(inherited)",
				);
				GCC_WARN_64_TO_32_BIT_CONVERSION = YES;
				GCC_WARN_ABOUT_RETURN_TYPE = YES_ERROR;
				GCC_WARN_UNDECLARED_SELECTOR = YES;
				GCC_WARN_UNINITIALIZED_AUTOS = YES_AGGRESSIVE;
				GCC_WARN_UNUSED_FUNCTION = YES;
				GCC_WARN_UNUSED_VARIABLE = YES;
				IPHONEOS_DEPLOYMENT_TARGET = 11.2;
				MTL_ENABLE_DEBUG_INFO = YES;
				ONLY_ACTIVE_ARCH = YES;
				SDKROOT = iphoneos;
				SWIFT_ACTIVE_COMPILATION_CONDITIONS = DEBUG;
				SWIFT_OPTIMIZATION_LEVEL = "-Onone";
			};
			name = Debug;
		};
		FC24ED661FF5EED600E950DC /* Release */ = {
			isa = XCBuildConfiguration;
			buildSettings = {
				ALWAYS_SEARCH_USER_PATHS = NO;
				CLANG_ANALYZER_NONNULL = YES;
				CLANG_ANALYZER_NUMBER_OBJECT_CONVERSION = YES_AGGRESSIVE;
				CLANG_CXX_LANGUAGE_STANDARD = "gnu++14";
				CLANG_CXX_LIBRARY = "libc++";
				CLANG_ENABLE_MODULES = YES;
				CLANG_ENABLE_OBJC_ARC = YES;
				CLANG_WARN_BLOCK_CAPTURE_AUTORELEASING = YES;
				CLANG_WARN_BOOL_CONVERSION = YES;
				CLANG_WARN_COMMA = YES;
				CLANG_WARN_CONSTANT_CONVERSION = YES;
				CLANG_WARN_DIRECT_OBJC_ISA_USAGE = YES_ERROR;
				CLANG_WARN_DOCUMENTATION_COMMENTS = YES;
				CLANG_WARN_EMPTY_BODY = YES;
				CLANG_WARN_ENUM_CONVERSION = YES;
				CLANG_WARN_INFINITE_RECURSION = YES;
				CLANG_WARN_INT_CONVERSION = YES;
				CLANG_WARN_NON_LITERAL_NULL_CONVERSION = YES;
				CLANG_WARN_OBJC_LITERAL_CONVERSION = YES;
				CLANG_WARN_OBJC_ROOT_CLASS = YES_ERROR;
				CLANG_WARN_RANGE_LOOP_ANALYSIS = YES;
				CLANG_WARN_STRICT_PROTOTYPES = YES;
				CLANG_WARN_SUSPICIOUS_MOVE = YES;
				CLANG_WARN_UNGUARDED_AVAILABILITY = YES_AGGRESSIVE;
				CLANG_WARN_UNREACHABLE_CODE = YES;
				CLANG_WARN__DUPLICATE_METHOD_MATCH = YES;
				CODE_SIGN_IDENTITY = "iPhone Developer";
				COPY_PHASE_STRIP = NO;
				DEBUG_INFORMATION_FORMAT = "dwarf-with-dsym";
				ENABLE_NS_ASSERTIONS = NO;
				ENABLE_STRICT_OBJC_MSGSEND = YES;
				GCC_C_LANGUAGE_STANDARD = gnu11;
				GCC_NO_COMMON_BLOCKS = YES;
				GCC_WARN_64_TO_32_BIT_CONVERSION = YES;
				GCC_WARN_ABOUT_RETURN_TYPE = YES_ERROR;
				GCC_WARN_UNDECLARED_SELECTOR = YES;
				GCC_WARN_UNINITIALIZED_AUTOS = YES_AGGRESSIVE;
				GCC_WARN_UNUSED_FUNCTION = YES;
				GCC_WARN_UNUSED_VARIABLE = YES;
				IPHONEOS_DEPLOYMENT_TARGET = 11.2;
				MTL_ENABLE_DEBUG_INFO = NO;
				SDKROOT = iphoneos;
				SWIFT_OPTIMIZATION_LEVEL = "-Owholemodule";
				VALIDATE_PRODUCT = YES;
			};
			name = Release;
		};
		FC24ED681FF5EED600E950DC /* Debug */ = {
			isa = XCBuildConfiguration;
			baseConfigurationReference = 21DEAE9C4F1A95C8FAAA4C5C /* Pods-Runner.debug.xcconfig */;
			buildSettings = {
				ASSETCATALOG_COMPILER_APPICON_NAME = AppIcon;
				CLANG_ENABLE_MODULES = YES;
				CODE_SIGN_STYLE = Automatic;
				DEVELOPMENT_TEAM = 5TV8R2L5EB;
				INFOPLIST_FILE = Runner/Info.plist;
				IPHONEOS_DEPLOYMENT_TARGET = 11.0;
				LD_RUNPATH_SEARCH_PATHS = "$(inherited) @executable_path/Frameworks";
				PRODUCT_BUNDLE_IDENTIFIER = ECJTU.Runner;
				PRODUCT_NAME = "$(TARGET_NAME)";
				SWIFT_OBJC_BRIDGING_HEADER = "Runner/Runner-Bridging-Header.h";
				SWIFT_OPTIMIZATION_LEVEL = "-Onone";
				SWIFT_VERSION = 4.0;
				TARGETED_DEVICE_FAMILY = "1,2";
			};
			name = Debug;
		};
		FC24ED691FF5EED600E950DC /* Release */ = {
			isa = XCBuildConfiguration;
			baseConfigurationReference = C53FD46A029AB5C998C24679 /* Pods-Runner.release.xcconfig */;
			buildSettings = {
				ASSETCATALOG_COMPILER_APPICON_NAME = AppIcon;
				CLANG_ENABLE_MODULES = YES;
				CODE_SIGN_STYLE = Automatic;
				DEVELOPMENT_TEAM = 5TV8R2L5EB;
				INFOPLIST_FILE = Runner/Info.plist;
				IPHONEOS_DEPLOYMENT_TARGET = 11.0;
				LD_RUNPATH_SEARCH_PATHS = "$(inherited) @executable_path/Frameworks";
				PRODUCT_BUNDLE_IDENTIFIER = ECJTU.Runner;
				PRODUCT_NAME = "$(TARGET_NAME)";
				SWIFT_OBJC_BRIDGING_HEADER = "Runner/Runner-Bridging-Header.h";
				SWIFT_VERSION = 4.0;
				TARGETED_DEVICE_FAMILY = "1,2";
			};
			name = Release;
		};
/* End XCBuildConfiguration section */

/* Begin XCConfigurationList section */
		FC24ED4D1FF5EED500E950DC /* Build configuration list for PBXProject "Runner" */ = {
			isa = XCConfigurationList;
			buildConfigurations = (
				FC24ED651FF5EED600E950DC /* Debug */,
				FC24ED661FF5EED600E950DC /* Release */,
			);
			defaultConfigurationIsVisible = 0;
			defaultConfigurationName = Release;
		};
		FC24ED671FF5EED600E950DC /* Build configuration list for PBXNativeTarget "Runner" */ = {
			isa = XCConfigurationList;
			buildConfigurations = (
				FC24ED681FF5EED600E950DC /* Debug */,
				FC24ED691FF5EED600E950DC /* Release */,
			);
			defaultConfigurationIsVisible = 0;
			defaultConfigurationName = Release;
		};
/* End XCConfigurationList section */

/* Begin XCVersionGroup section */
		FC24ED5C1FF5EED600E950DC /* Runner.xcdatamodeld */ = {
			isa = XCVersionGroup;
			children = (
				FC24ED5D1FF5EED600E950DC /* Runner.xcdatamodel */,
			);
			currentVersion = FC24ED5D1FF5EED600E950DC /* Runner.xcdatamodel */;
			path = Runner.xcdatamodeld;
			sourceTree = "<group>";
			versionGroupType = wrapper.xcdatamodel;
		};
/* End XCVersionGroup section */
	};
	rootObject = FC24ED4A1FF5EED500E950DC /* Project object */;
}
